github.com/davecgh/go-spew v1.1.0 h1:ZDRjVQ15GmhC3fiQ8ni8+OwkZQO4DARzQgrnXU1Liz8=
github.com/davecgh/go-spew v1.1.0/go.mod h1:J7Y8YcW2NihsgmVo/mv3lAwl/skON4iLHjSsI+c5H38=
github.com/libp2p/go-reuseport v0.0.1 h1:7PhkfH73VXfPJYKQ6JwS5I/eVcoyYi9IMNGc6FWpFLw=
github.com/libp2p/go-reuseport v0.0.1/go.mod h1:jn6RmB1ufnQwl0Q1f+YxAj8isJgDCQzaaxIFYDhcYEA=
github.com/pingcap/errors v0.11.4 h1:lFuQV/oaUMGcD2tqt+01ROSmJs75VG1ToEOkZIZ4nE4=
github.com/pingcap/errors v0.11.4/go.mod h1:Oi8TUi2kEtXXLMJk9l1cGmz20kV3TaQ0usTwv5KuLY8=
github.com/pkg/errors v0.8.1/go.mod h1:bwawxfHBFNV+L2hUp1rHADufV3IMtnDRdf1r5NINEl0=
github.com/pkg/errors v0.9.1 h1:FEBLx1zS214owpjy7qsBeixbURkuhQAwrK5UwLGTwt4=
github.com/pkg/errors v0.9.1/go.mod h1:bwawxfHBFNV+L2hUp1rHADufV3IMtnDRdf1r5NINEl0=
github.com/pmezard/go-difflib v1.0.0 h1:4DBwDE0NGyQoBHbLQYPwSUPoCMWR5BEzIk/f1lZbAQM=
github.com/pmezard/go-difflib v1.0.0/go.mod h1:iKH77koFhYxTK1pcRnkKkqfTogsbg7gZNVY4sRDYZ/4=
github.com/stretchr/objx v0.1.0/go.mod h1:HFkY916IF+rwdDfMAkV7OtwuqBVzrE8GR6GFx+wExME=
github.com/stretchr/testify v1.3.0 h1:TivCn/peBQ7UY8ooIcPgZFpTNSz0Q2U6UrFlUfqbe0Q=
github.com/stretchr/testify v1.3.0/go.mod h1:M5WIy9Dh21IEIfnGCwXGc5bZfKNJtfHm1UVUgZn+9EI=
github.com/valyala/bytebufferpool v1.0.0 h1:GqA5TC/0021Y/b9FG4Oi9Mr3q7XYx6KllzawFIhcdPw=
github.com/valyala/bytebufferpool v1.0.0/go.mod h1:6bBcMArwyJ5K/AmCkWv1jt77kVWyCJ6HpOuEn7z0Csc=
github.com/widaT/httparse v0.0.0-20200626234402-5f7b7cd6e37c h1:XZAk/INlr7i4A49wx1eJQmSwulvpcT+wgrBctlpMCV8=
github.com/widaT/httparse v0.0.0-20200626234402-5f7b7cd6e37c/go.mod h1:GotUHPfGSzw9pFMkfMd80dOOETmnn99t1LaqNJIVlps=
github.com/widaT/linkedbuf v0.0.0-20200624064804-50a5736183d3 h1:GYBkpLEk8dPxsi63vQn4z5qDHdqQt7Mwyw6G49SrVu4=
github.com/widaT/linkedbuf v0.0.0-20200624064804-50a5736183d3/go.mod h1:cnRYqTcnIiY0d0BNB2L0EcTrWCUfYlWkOJGBlY5eXUM=
github.com/widaT/linkedbuf v0.0.0-20200627005813-e9045bdb9996 h1:fyG/Uv5HR26cyAdbRu42b3mUVWR0pYLOv7BviXncRvg=
github.com/widaT/linkedbuf v0.0.0-20200627005813-e9045bdb9996/go.mod h1:cnRYqTcnIiY0d0BNB2L0EcTrWCUfYlWkOJGBlY5eXUM=
github.com/widaT/poller v0.0.0-20200629024424-f8833c2f0dfb h1:qwvTY7MnnD+Erh8UfUAueU+9mjP7kB+kI4De9Gsh1r8=
github.com/widaT/poller v0.0.0-20200629024424-f8833c2f0dfb/go.mod h1:aCqdJ1yq6G1LB1aSmIhCcGTchh0UshJHnFirKgquL3g=
github.com/widaT/tls13 v0.0.0-20200624074259-be05d3a87a28 h1:2YlM+Np9Of9UmJW/jUr30+bwVnt0LJ4f3lyJ3F+Xnw8=
github.com/widaT/tls13 v0.0.0-20200624074259-be05d3a87a28/go.mod h1:rY5e8vJpuhGgSaWLC+q9ZqDxeepbqjWdrkodydotdZk=
golang.org/x/crypto v0.0.0-20190308221718-c2843e01d9a2/go.mod h1:djNgcEr1/C05ACkg1iLfiJU5Ep61QUkGW8qpdssI0+w=
golang.org/x/crypto v0.0.0-20200622213623-75b288015ac9 h1:psW17arqaxU48Z5kZ0CQnkZWQJsqcURM6tKiBApRjXI=
golang.org/x/crypto v0.0.0-20200622213623-75b288015ac9/go.mod h1:LzIPMQfyMNhhGPhUkYOs5KpL4U8rLKemX1yGLhDgUto=
golang.org/x/net v0.0.0-20190404232315-eb5bcb51f2a3/go.mod h1:t9HGtf8HONx5eT2rtn7q6eTqICYqUVnKs3thJo3Qplg=
golang.org/x/sys v0.0.0-20190215142949-d0b11bdaac8a/go.mod h1:STP8DvDyc/dI5b8T5hshtkjS+E42TnysNCUPdjciGhY=
golang.org/x/sys v0.0.0-20190228124157-a34e9553db1e/go.mod h1:STP8DvDyc/dI5b8T5hshtkjS+E42TnysNCUPdjciGhY=
golang.org/x/sys v0.0.0-20190412213103-97732733099d/go.mod h1:h1NjWce9XRLGQEsW7wpKNCjG9DtNlClVuFLEZdDNbEs=
golang.org/x/sys v0.0.0-20200602225109-6fdc65e7d980/go.mod h1:h1NjWce9XRLGQEsW7wpKNCjG9DtNlClVuFLEZdDNbEs=
golang.org/x/sys v0.0.0-20200622214017-ed371f2e16b4 h1:5/PjkGUjvEU5Gl6BxmvKRPpqo2uNMv4rcHBMwzk/st8=
golang.org/x/sys v0.0.0-20200622214017-ed371f2e16b4/go.mod h1:h1NjWce9XRLGQEsW7wpKNCjG9DtNlClVuFLEZdDNbEs=
golang.org/x/sys v0.0.0-20200625212154-ddb9806d33ae h1:Ih9Yo4hSPImZOpfGuA4bR/ORKTAbhZo2AbWNRCnevdo=
golang.org/x/sys v0.0.0-20200625212154-ddb9806d33ae/go.mod h1:h1NjWce9XRLGQEsW7wpKNCjG9DtNlClVuFLEZdDNbEs=
golang.org/x/text v0.3.0/go.mod h1:NqM8EUOU14njkJ3fqMW+pc6Ldnwhi/IjpwHt7yyuwOQ=
