github.com/pingcap/errors v0.11.4 h1:lFuQV/oaUMGcD2tqt+01ROSmJs75VG1ToEOkZIZ4nE4=
github.com/pingcap/errors v0.11.4/go.mod h1:Oi8TUi2kEtXXLMJk9l1cGmz20kV3TaQ0usTwv5KuLY8=
github.com/pkg/errors v0.9.1 h1:FEBLx1zS214owpjy7qsBeixbURkuhQAwrK5UwLGTwt4=
github.com/pkg/errors v0.9.1/go.mod h1:bwawxfHBFNV+L2hUp1rHADufV3IMtnDRdf1r5NINEl0=
github.com/valyala/bytebufferpool v1.0.0 h1:GqA5TC/0021Y/b9FG4Oi9Mr3q7XYx6KllzawFIhcdPw=
github.com/valyala/bytebufferpool v1.0.0/go.mod h1:6bBcMArwyJ5K/AmCkWv1jt77kVWyCJ6HpOuEn7z0Csc=
github.com/widaT/http1 v0.0.0-20200623114559-de092b2f1000 h1:ZUrulBlJomjwkewj+GR6hOEQqlGT7sw2us9+mmqj20c=
github.com/widaT/http1 v0.0.0-20200623114559-de092b2f1000/go.mod h1:7ehQgZgi2UZ0xDAS4ghpoy+oV5s3uAKh36rJGvvjYTI=
github.com/widaT/httparse v0.0.0-20200527071707-8980a9cd2beb h1:tcN9sc1bVPaqoB1NxDTKG+FJcBfuwbjlwLiT/CW+pxM=
github.com/widaT/httparse v0.0.0-20200527071707-8980a9cd2beb/go.mod h1:GotUHPfGSzw9pFMkfMd80dOOETmnn99t1LaqNJIVlps=
github.com/widaT/linkedbuf v0.0.0-20200624031127-eac379171d09 h1:IEkno87eiF7oN1vcbApMi280XNtolijJ01pFn/vmrr8=
github.com/widaT/linkedbuf v0.0.0-20200624031127-eac379171d09/go.mod h1:cnRYqTcnIiY0d0BNB2L0EcTrWCUfYlWkOJGBlY5eXUM=
github.com/widaT/linkedbuf v0.0.0-20200624042509-4deaa1a3ea68 h1:GH8rOHcnla08NC563nr+5vW3xW0U6TADRNARJvkHvZE=
github.com/widaT/linkedbuf v0.0.0-20200624042509-4deaa1a3ea68/go.mod h1:cnRYqTcnIiY0d0BNB2L0EcTrWCUfYlWkOJGBlY5eXUM=
github.com/widaT/linkedbuf v0.0.0-20200624063829-926f6f530857 h1:uFFHJrtEnMfnZUqWOlThehzR2iPTE7AodQaQY7C5K7c=
github.com/widaT/linkedbuf v0.0.0-20200624063829-926f6f530857/go.mod h1:cnRYqTcnIiY0d0BNB2L0EcTrWCUfYlWkOJGBlY5eXUM=
github.com/widaT/linkedbuf v0.0.0-20200624064804-50a5736183d3 h1:GYBkpLEk8dPxsi63vQn4z5qDHdqQt7Mwyw6G49SrVu4=
github.com/widaT/linkedbuf v0.0.0-20200624064804-50a5736183d3/go.mod h1:cnRYqTcnIiY0d0BNB2L0EcTrWCUfYlWkOJGBlY5eXUM=
github.com/widaT/poller v0.0.0-20200618102045-955b90a020f2 h1:SE77BEMTh5eRfxC3nEoB7izFf9WrLi6Ao1o11UszeBY=
github.com/widaT/poller v0.0.0-20200618102045-955b90a020f2/go.mod h1:aCqdJ1yq6G1LB1aSmIhCcGTchh0UshJHnFirKgquL3g=
github.com/widaT/tls13 v0.0.0-20200621014543-54c41dfea8ed h1:AXcLMicZ7enN4xzqHA11qSBQqHzit/jVRbuwWWDokTg=
github.com/widaT/tls13 v0.0.0-20200621014543-54c41dfea8ed/go.mod h1:HLsnCTK+/GfnSTqRJI2RpZCP0veKLcKSN+5M+6qB4dY=
github.com/widaT/tls13 v0.0.0-20200622022524-88ae71092cc0 h1:o11uBGaLPr+lTdwguOwkqU/qxc20j8LahctbAhxfHZc=
github.com/widaT/tls13 v0.0.0-20200622022524-88ae71092cc0/go.mod h1:HLsnCTK+/GfnSTqRJI2RpZCP0veKLcKSN+5M+6qB4dY=
github.com/widaT/tls13 v0.0.0-20200623141837-8f8c1b6e5ef0 h1:7ciOD7H6soJzbjhsFQ5b5P6QPJzS9r5FFYYhK0BfvTY=
github.com/widaT/tls13 v0.0.0-20200623141837-8f8c1b6e5ef0/go.mod h1:HLsnCTK+/GfnSTqRJI2RpZCP0veKLcKSN+5M+6qB4dY=
github.com/widaT/tls13 v0.0.0-20200624032948-53ab2fe25968 h1:VPhsJZ+sW7GOAVcFIz4o9TRoQ88C09EYCRHejdkAnqk=
github.com/widaT/tls13 v0.0.0-20200624032948-53ab2fe25968/go.mod h1:AqzAc6yoPPSVrGzWejrU1S5ossCw+2v8K1Ek2OqRz9E=
github.com/widaT/tls13 v0.0.0-20200624044940-6bc3b8e90328 h1:tzyqFc8oRuy/RCeBPBMd+G+mdTxnyJ0bxEhlRLAsHXU=
github.com/widaT/tls13 v0.0.0-20200624044940-6bc3b8e90328/go.mod h1:vXghI2AuETUx8LqJekYskNyTahsaMQlVwWjsYxVq9Ws=
golang.org/x/crypto v0.0.0-20190308221718-c2843e01d9a2/go.mod h1:djNgcEr1/C05ACkg1iLfiJU5Ep61QUkGW8qpdssI0+w=
golang.org/x/crypto v0.0.0-20200604202706-70a84ac30bf9 h1:vEg9joUBmeBcK9iSJftGNf3coIG4HqZElCPehJsfAYM=
golang.org/x/crypto v0.0.0-20200604202706-70a84ac30bf9/go.mod h1:LzIPMQfyMNhhGPhUkYOs5KpL4U8rLKemX1yGLhDgUto=
golang.org/x/crypto v0.0.0-20200622213623-75b288015ac9 h1:psW17arqaxU48Z5kZ0CQnkZWQJsqcURM6tKiBApRjXI=
golang.org/x/crypto v0.0.0-20200622213623-75b288015ac9/go.mod h1:LzIPMQfyMNhhGPhUkYOs5KpL4U8rLKemX1yGLhDgUto=
golang.org/x/net v0.0.0-20190404232315-eb5bcb51f2a3/go.mod h1:t9HGtf8HONx5eT2rtn7q6eTqICYqUVnKs3thJo3Qplg=
golang.org/x/sys v0.0.0-20190215142949-d0b11bdaac8a/go.mod h1:STP8DvDyc/dI5b8T5hshtkjS+E42TnysNCUPdjciGhY=
golang.org/x/sys v0.0.0-20190412213103-97732733099d/go.mod h1:h1NjWce9XRLGQEsW7wpKNCjG9DtNlClVuFLEZdDNbEs=
golang.org/x/sys v0.0.0-20200602225109-6fdc65e7d980/go.mod h1:h1NjWce9XRLGQEsW7wpKNCjG9DtNlClVuFLEZdDNbEs=
golang.org/x/sys v0.0.0-20200615200032-f1bc736245b1/go.mod h1:h1NjWce9XRLGQEsW7wpKNCjG9DtNlClVuFLEZdDNbEs=
golang.org/x/sys v0.0.0-20200620081246-981b61492c35 h1:wb/9mP8eUAmHfkM8RmpeLq6nUA7c2i5+bQOtcDftjaE=
golang.org/x/sys v0.0.0-20200620081246-981b61492c35/go.mod h1:h1NjWce9XRLGQEsW7wpKNCjG9DtNlClVuFLEZdDNbEs=
golang.org/x/sys v0.0.0-20200622214017-ed371f2e16b4 h1:5/PjkGUjvEU5Gl6BxmvKRPpqo2uNMv4rcHBMwzk/st8=
golang.org/x/sys v0.0.0-20200622214017-ed371f2e16b4/go.mod h1:h1NjWce9XRLGQEsW7wpKNCjG9DtNlClVuFLEZdDNbEs=
golang.org/x/text v0.3.0/go.mod h1:NqM8EUOU14njkJ3fqMW+pc6Ldnwhi/IjpwHt7yyuwOQ=
